
Microsoft Visual Studio Solution File, Format Version 12.00
# Visual Studio Version 17
VisualStudioVersion = 17.9.34622.214
MinimumVisualStudioVersion = 10.0.40219.1
Project("{FAE04EC0-301F-11D3-BF4B-00C04F79EFBC}") = "BoarDuck.NET", "BoarDuck.NET\BoarDuck.NET.csproj", "{B9AC86FD-9E26-48CB-B2FB-436E68784D52}"
EndProject
Project("{FAE04EC0-301F-11D3-BF4B-00C04F79EFBC}") = "BoarDuck.NET.Client", "BoarDuck.NET.Client\BoarDuck.NET.Client.csproj", "{F8A76464-01F1-48F3-BFA7-845B223C2507}"
EndProject
Global
	GlobalSection(SolutionConfigurationPlatforms) = preSolution
		Debug|Any CPU = Debug|Any CPU
		Release|Any CPU = Release|Any CPU
	EndGlobalSection
	GlobalSection(ProjectConfigurationPlatforms) = postSolution
		{B9AC86FD-9E26-48CB-B2FB-436E68784D52}.Debug|Any CPU.ActiveCfg = Debug|Any CPU
		{B9AC86FD-9E26-48CB-B2FB-436E68784D52}.Debug|Any CPU.Build.0 = Debug|Any CPU
		{B9AC86FD-9E26-48CB-B2FB-436E68784D52}.Release|Any CPU.ActiveCfg = Release|Any CPU
		{B9AC86FD-9E26-48CB-B2FB-436E68784D52}.Release|Any CPU.Build.0 = Release|Any CPU
		{F8A76464-01F1-48F3-BFA7-845B223C2507}.Debug|Any CPU.ActiveCfg = Debug|Any CPU
		{F8A76464-01F1-48F3-BFA7-845B223C2507}.Debug|Any CPU.Build.0 = Debug|Any CPU
		{F8A76464-01F1-48F3-BFA7-845B223C2507}.Release|Any CPU.ActiveCfg = Release|Any CPU
		{F8A76464-01F1-48F3-BFA7-845B223C2507}.Release|Any CPU.Build.0 = Release|Any CPU
	EndGlobalSection
	GlobalSection(SolutionProperties) = preSolution
		HideSolutionNode = FALSE
	EndGlobalSection
	GlobalSection(ExtensibilityGlobals) = postSolution
		SolutionGuid = {81682D7E-FBD3-47B1-B97B-898876F324D4}
	EndGlobalSection
EndGlobal
